
Microsoft Visual Studio Solution File, Format Version 12.00
# Visual Studio Version 17
VisualStudioVersion = 17.11.35219.272
MinimumVisualStudioVersion = 10.0.40219.1
Project("{FAE04EC0-301F-11D3-BF4B-00C04F79EFBC}") = "Builder", "Builder.csproj", "{657F145F-93FC-4F8E-9F12-E6C118F956E1}"
EndProject
Global
	GlobalSection(SolutionConfigurationPlatforms) = preSolution
		Debug|Any CPU = Debug|Any CPU
		Release|Any CPU = Release|Any CPU
	EndGlobalSection
	GlobalSection(ProjectConfigurationPlatforms) = postSolution
		{657F145F-93FC-4F8E-9F12-E6C118F956E1}.Debug|Any CPU.ActiveCfg = Debug|Any CPU
		{657F145F-93FC-4F8E-9F12-E6C118F956E1}.Debug|Any CPU.Build.0 = Debug|Any CPU
		{657F145F-93FC-4F8E-9F12-E6C118F956E1}.Release|Any CPU.ActiveCfg = Release|Any CPU
		{657F145F-93FC-4F8E-9F12-E6C118F956E1}.Release|Any CPU.Build.0 = Release|Any CPU
	EndGlobalSection
	GlobalSection(SolutionProperties) = preSolution
		HideSolutionNode = FALSE
	EndGlobalSection
	GlobalSection(ExtensibilityGlobals) = postSolution
		SolutionGuid = {BB94AF72-9932-46AD-ABB4-F2F324D8F426}
	EndGlobalSection
EndGlobal
