
Microsoft Visual Studio Solution File, Format Version 12.00
# Visual Studio Version 17
VisualStudioVersion = 17.11.35219.272
MinimumVisualStudioVersion = 10.0.40219.1
Project("{FAE04EC0-301F-11D3-BF4B-00C04F79EFBC}") = "polymorphism", "polymorphism.csproj", "{B5EB72CB-465B-4300-8D5F-048E35BD4361}"
EndProject
Global
	GlobalSection(SolutionConfigurationPlatforms) = preSolution
		Debug|Any CPU = Debug|Any CPU
		Release|Any CPU = Release|Any CPU
	EndGlobalSection
	GlobalSection(ProjectConfigurationPlatforms) = postSolution
		{B5EB72CB-465B-4300-8D5F-048E35BD4361}.Debug|Any CPU.ActiveCfg = Debug|Any CPU
		{B5EB72CB-465B-4300-8D5F-048E35BD4361}.Debug|Any CPU.Build.0 = Debug|Any CPU
		{B5EB72CB-465B-4300-8D5F-048E35BD4361}.Release|Any CPU.ActiveCfg = Release|Any CPU
		{B5EB72CB-465B-4300-8D5F-048E35BD4361}.Release|Any CPU.Build.0 = Release|Any CPU
	EndGlobalSection
	GlobalSection(SolutionProperties) = preSolution
		HideSolutionNode = FALSE
	EndGlobalSection
	GlobalSection(ExtensibilityGlobals) = postSolution
		SolutionGuid = {8A7BDE6A-F26B-4A96-AA0A-12776F70805A}
	EndGlobalSection
EndGlobal
